{
  "lockfile_version": "1",
  "packages": {
    "go@1.20": {
      "last_modified": "2024-03-08T13:51:52Z",
      "resolved": "github:NixOS/nixpkgs/a343533bccc62400e8a9560423486a3b6c11a23b#go_1_20",
      "source": "devbox-search",
      "version": "1.20.14",
      "systems": {
        "aarch64-darwin": {
          "outputs": [
            {
              "name": "out",
              "path": "/nix/store/xkwl1ycwwnq6b1ga5lxkqhjxlpd7f2sj-go-1.20.14",
              "default": true
            }
          ],
          "store_path": "/nix/store/xkwl1ycwwnq6b1ga5lxkqhjxlpd7f2sj-go-1.20.14"
        },
        "aarch64-linux": {
          "outputs": [
            {
              "name": "out",
              "path": "/nix/store/5i47jls8m0vjf141x3b3pz2i6q1si54w-go-1.20.14",
              "default": true
            }
          ],
          "store_path": "/nix/store/5i47jls8m0vjf141x3b3pz2i6q1si54w-go-1.20.14"
        },
        "x86_64-darwin": {
          "outputs": [
            {
              "name": "out",
              "path": "/nix/store/n2lj7bl7sg5viva3vxpkgi3mq8jbiyb5-go-1.20.14",
              "default": true
            }
          ],
          "store_path": "/nix/store/n2lj7bl7sg5viva3vxpkgi3mq8jbiyb5-go-1.20.14"
        },
        "x86_64-linux": {
          "outputs": [
            {
              "name": "out",
              "path": "/nix/store/850gdv8mcrh5bckigj16hzm6kmas5g92-go-1.20.14",
              "default": true
            }
          ],
          "store_path": "/nix/store/850gdv8mcrh5bckigj16hzm6kmas5g92-go-1.20.14"
        }
      }
    },
    "golangci-lint@latest": {
      "last_modified": "2023-11-17T14:14:56Z",
      "resolved": "github:NixOS/nixpkgs/a71323f68d4377d12c04a5410e214495ec598d4c#golangci-lint",
      "source": "devbox-search",
      "version": "1.55.2",
      "systems": {
        "aarch64-darwin": {
          "store_path": "/nix/store/ggfyqw5kl0dy7l6nhajcyayiw05wzrb1-golangci-lint-1.55.2"
        },
        "aarch64-linux": {
          "store_path": "/nix/store/ak3wnmbc43wqgg9zky98i44nazxvklqg-golangci-lint-1.55.2"
        },
        "x86_64-darwin": {
          "store_path": "/nix/store/xckmcrd22nij4xwzdiw8ydc4z00rgcd2-golangci-lint-1.55.2"
        },
        "x86_64-linux": {
          "store_path": "/nix/store/xiy36g6w9qcgzkyifi9hf7ayj2drap9k-golangci-lint-1.55.2"
        }
      }
    }
  }
}
